# @generated by Move, please check-in and do not edit manually.

[move]
version = 3
manifest_digest = "2E0D5C4626C5678FD5556274DA487D439CB88CCD91447B055BF5346CCF07C83E"
deps_digest = "F8BBB0CCB2491CA29A3DF03D6F92277A4F3574266507ACD77214D37ECA3F3082"
dependencies = [
  { id = "Iota", name = "Iota" },
]

[[move.package]]
id = "Iota"
source = { git = "https://github.com/iotaledger/iota.git", rev = "devnet", subdir = "crates/iota-framework/packages/iota-framework" }

dependencies = [
  { id = "MoveStdlib", name = "MoveStdlib" },
]

[[move.package]]
id = "MoveStdlib"
source = { git = "https://github.com/iotaledger/iota.git", rev = "devnet", subdir = "crates/iota-framework/packages/move-stdlib" }

[move.toolchain-version]
compiler-version = "1.12.0-rc"
edition = "2024"
flavor = "iota"

[env]

[env.devnet]
chain-id = "e678123a"
original-published-id = "0x8116a7e1c135875e1113e4f250e1d251fca489610c9a55d7c7b4dceeb98a3b2d"
latest-published-id = "0x8116a7e1c135875e1113e4f250e1d251fca489610c9a55d7c7b4dceeb98a3b2d"
published-version = "1"
